
Microsoft Visual Studio Solution File, Format Version 12.00
# Visual Studio 2012
Project("{FAE04EC0-301F-11D3-BF4B-00C04F79EFBC}") = "IniIO", "IniIO\IniIO.csproj", "{3D08082A-1FD6-47F0-83B2-45B61B0A6CFB}"
EndProject
Project("{FAE04EC0-301F-11D3-BF4B-00C04F79EFBC}") = "Client", "Client\Client.csproj", "{FBF6B10B-DD3D-4579-ACC7-F9E9C9800A41}"
EndProject
Project("{FAE04EC0-301F-11D3-BF4B-00C04F79EFBC}") = "IniIOTest", "IniIoTest\IniIOTest.csproj", "{1F3B5FA6-154E-491C-BA91-A38D5054E785}"
EndProject
Global
	GlobalSection(SolutionConfigurationPlatforms) = preSolution
		Debug|Any CPU = Debug|Any CPU
		Release|Any CPU = Release|Any CPU
	EndGlobalSection
	GlobalSection(ProjectConfigurationPlatforms) = postSolution
		{3D08082A-1FD6-47F0-83B2-45B61B0A6CFB}.Debug|Any CPU.ActiveCfg = Debug|Any CPU
		{3D08082A-1FD6-47F0-83B2-45B61B0A6CFB}.Debug|Any CPU.Build.0 = Debug|Any CPU
		{3D08082A-1FD6-47F0-83B2-45B61B0A6CFB}.Release|Any CPU.ActiveCfg = Release|Any CPU
		{3D08082A-1FD6-47F0-83B2-45B61B0A6CFB}.Release|Any CPU.Build.0 = Release|Any CPU
		{FBF6B10B-DD3D-4579-ACC7-F9E9C9800A41}.Debug|Any CPU.ActiveCfg = Debug|Any CPU
		{FBF6B10B-DD3D-4579-ACC7-F9E9C9800A41}.Debug|Any CPU.Build.0 = Debug|Any CPU
		{FBF6B10B-DD3D-4579-ACC7-F9E9C9800A41}.Release|Any CPU.ActiveCfg = Release|Any CPU
		{FBF6B10B-DD3D-4579-ACC7-F9E9C9800A41}.Release|Any CPU.Build.0 = Release|Any CPU
		{1F3B5FA6-154E-491C-BA91-A38D5054E785}.Debug|Any CPU.ActiveCfg = Debug|Any CPU
		{1F3B5FA6-154E-491C-BA91-A38D5054E785}.Debug|Any CPU.Build.0 = Debug|Any CPU
		{1F3B5FA6-154E-491C-BA91-A38D5054E785}.Release|Any CPU.ActiveCfg = Release|Any CPU
		{1F3B5FA6-154E-491C-BA91-A38D5054E785}.Release|Any CPU.Build.0 = Release|Any CPU
	EndGlobalSection
	GlobalSection(SolutionProperties) = preSolution
		HideSolutionNode = FALSE
	EndGlobalSection
EndGlobal
